// !$*UTF8*$!
{
	archiveVersion = 1;
	classes = {
	};
	objectVersion = 50;
	objects = {

/* Begin PBXBuildFile section */
		9646414124E2C85F005D215C /* AppDelegate.swift in Sources */ = {isa = PBXBuildFile; fileRef = 9646414024E2C85F005D215C /* AppDelegate.swift */; };
		9646414324E2C85F005D215C /* SceneDelegate.swift in Sources */ = {isa = PBXBuildFile; fileRef = 9646414224E2C85F005D215C /* SceneDelegate.swift */; };
		9646414524E2C85F005D215C /* ConversationsViewController.swift in Sources */ = {isa = PBXBuildFile; fileRef = 9646414424E2C85F005D215C /* ConversationsViewController.swift */; };
		9646414824E2C85F005D215C /* Main.storyboard in Resources */ = {isa = PBXBuildFile; fileRef = 9646414624E2C85F005D215C /* Main.storyboard */; };
		9646414A24E2C862005D215C /* Assets.xcassets in Resources */ = {isa = PBXBuildFile; fileRef = 9646414924E2C862005D215C /* Assets.xcassets */; };
		9646414D24E2C862005D215C /* LaunchScreen.storyboard in Resources */ = {isa = PBXBuildFile; fileRef = 9646414B24E2C862005D215C /* LaunchScreen.storyboard */; };
		9646415B24E2CE47005D215C /* LoginViewController.swift in Sources */ = {isa = PBXBuildFile; fileRef = 9646415A24E2CE47005D215C /* LoginViewController.swift */; };
		9646415D24E2CE55005D215C /* RegisterViewController.swift in Sources */ = {isa = PBXBuildFile; fileRef = 9646415C24E2CE55005D215C /* RegisterViewController.swift */; };
		9646415F24E2CE80005D215C /* PhotoViewerViewController.swift in Sources */ = {isa = PBXBuildFile; fileRef = 9646415E24E2CE80005D215C /* PhotoViewerViewController.swift */; };
		9646416124E2CEB7005D215C /* VideoPlayerViewController.swift in Sources */ = {isa = PBXBuildFile; fileRef = 9646416024E2CEB7005D215C /* VideoPlayerViewController.swift */; };
		9646416324E2DA06005D215C /* NewConversationsViewController.swift in Sources */ = {isa = PBXBuildFile; fileRef = 9646416224E2DA06005D215C /* NewConversationsViewController.swift */; };
		9646416524E2DA27005D215C /* ProfileViewController.swift in Sources */ = {isa = PBXBuildFile; fileRef = 9646416424E2DA27005D215C /* ProfileViewController.swift */; };
		9646416724E2E479005D215C /* Extensions.swift in Sources */ = {isa = PBXBuildFile; fileRef = 9646416624E2E479005D215C /* Extensions.swift */; };
/* End PBXBuildFile section */

/* Begin PBXFileReference section */
		9646413D24E2C85F005D215C /* chatapp.app */ = {isa = PBXFileReference; explicitFileType = wrapper.application; includeInIndex = 0; path = chatapp.app; sourceTree = BUILT_PRODUCTS_DIR; };
		9646414024E2C85F005D215C /* AppDelegate.swift */ = {isa = PBXFileReference; lastKnownFileType = sourcecode.swift; path = AppDelegate.swift; sourceTree = "<group>"; };
		9646414224E2C85F005D215C /* SceneDelegate.swift */ = {isa = PBXFileReference; lastKnownFileType = sourcecode.swift; path = SceneDelegate.swift; sourceTree = "<group>"; };
		9646414424E2C85F005D215C /* ConversationsViewController.swift */ = {isa = PBXFileReference; lastKnownFileType = sourcecode.swift; path = ConversationsViewController.swift; sourceTree = "<group>"; };
		9646414724E2C85F005D215C /* Base */ = {isa = PBXFileReference; lastKnownFileType = file.storyboard; name = Base; path = Base.lproj/Main.storyboard; sourceTree = "<group>"; };
		9646414924E2C862005D215C /* Assets.xcassets */ = {isa = PBXFileReference; lastKnownFileType = folder.assetcatalog; path = Assets.xcassets; sourceTree = "<group>"; };
		9646414C24E2C862005D215C /* Base */ = {isa = PBXFileReference; lastKnownFileType = file.storyboard; name = Base; path = Base.lproj/LaunchScreen.storyboard; sourceTree = "<group>"; };
		9646414E24E2C862005D215C /* Info.plist */ = {isa = PBXFileReference; lastKnownFileType = text.plist.xml; path = Info.plist; sourceTree = "<group>"; };
		9646415A24E2CE47005D215C /* LoginViewController.swift */ = {isa = PBXFileReference; lastKnownFileType = sourcecode.swift; path = LoginViewController.swift; sourceTree = "<group>"; };
		9646415C24E2CE55005D215C /* RegisterViewController.swift */ = {isa = PBXFileReference; lastKnownFileType = sourcecode.swift; path = RegisterViewController.swift; sourceTree = "<group>"; };
		9646415E24E2CE80005D215C /* PhotoViewerViewController.swift */ = {isa = PBXFileReference; lastKnownFileType = sourcecode.swift; path = PhotoViewerViewController.swift; sourceTree = "<group>"; };
		9646416024E2CEB7005D215C /* VideoPlayerViewController.swift */ = {isa = PBXFileReference; lastKnownFileType = sourcecode.swift; path = VideoPlayerViewController.swift; sourceTree = "<group>"; };
		9646416224E2DA06005D215C /* NewConversationsViewController.swift */ = {isa = PBXFileReference; lastKnownFileType = sourcecode.swift; path = NewConversationsViewController.swift; sourceTree = "<group>"; };
		9646416424E2DA27005D215C /* ProfileViewController.swift */ = {isa = PBXFileReference; lastKnownFileType = sourcecode.swift; path = ProfileViewController.swift; sourceTree = "<group>"; };
		9646416624E2E479005D215C /* Extensions.swift */ = {isa = PBXFileReference; lastKnownFileType = sourcecode.swift; path = Extensions.swift; sourceTree = "<group>"; };
/* End PBXFileReference section */

/* Begin PBXFrameworksBuildPhase section */
		9646413A24E2C85F005D215C /* Frameworks */ = {
			isa = PBXFrameworksBuildPhase;
			buildActionMask = 2147483647;
			files = (
			);
			runOnlyForDeploymentPostprocessing = 0;
		};
/* End PBXFrameworksBuildPhase section */

/* Begin PBXGroup section */
		9646413424E2C85F005D215C = {
			isa = PBXGroup;
			children = (
				9646413F24E2C85F005D215C /* chatapp */,
				9646413E24E2C85F005D215C /* Products */,
			);
			sourceTree = "<group>";
		};
		9646413E24E2C85F005D215C /* Products */ = {
			isa = PBXGroup;
			children = (
				9646413D24E2C85F005D215C /* chatapp.app */,
			);
			name = Products;
			sourceTree = "<group>";
		};
		9646413F24E2C85F005D215C /* chatapp */ = {
			isa = PBXGroup;
			children = (
				9646415824E2CAE2005D215C /* resources */,
				9646415724E2CA5E005D215C /* viewmodels */,
				9646415624E2CA29005D215C /* models */,
				9646415524E2CA20005D215C /* views */,
				9646415424E2C9EB005D215C /* controllers */,
				9646414E24E2C862005D215C /* Info.plist */,
			);
			path = chatapp;
			sourceTree = "<group>";
		};
		9646415424E2C9EB005D215C /* controllers */ = {
			isa = PBXGroup;
			children = (
				9646414424E2C85F005D215C /* ConversationsViewController.swift */,
				9646415A24E2CE47005D215C /* LoginViewController.swift */,
				9646415C24E2CE55005D215C /* RegisterViewController.swift */,
				9646415E24E2CE80005D215C /* PhotoViewerViewController.swift */,
				9646416024E2CEB7005D215C /* VideoPlayerViewController.swift */,
				9646416224E2DA06005D215C /* NewConversationsViewController.swift */,
				9646416424E2DA27005D215C /* ProfileViewController.swift */,
			);
			path = controllers;
			sourceTree = "<group>";
		};
		9646415524E2CA20005D215C /* views */ = {
			isa = PBXGroup;
			children = (
				9646415924E2CC1A005D215C /* storyboards */,
				9646414924E2C862005D215C /* Assets.xcassets */,
			);
			path = views;
			sourceTree = "<group>";
		};
		9646415624E2CA29005D215C /* models */ = {
			isa = PBXGroup;
			children = (
			);
			path = models;
			sourceTree = "<group>";
		};
		9646415724E2CA5E005D215C /* viewmodels */ = {
			isa = PBXGroup;
			children = (
			);
			path = viewmodels;
			sourceTree = "<group>";
		};
		9646415824E2CAE2005D215C /* resources */ = {
			isa = PBXGroup;
			children = (
				9646414224E2C85F005D215C /* SceneDelegate.swift */,
				9646414024E2C85F005D215C /* AppDelegate.swift */,
				9646416624E2E479005D215C /* Extensions.swift */,
			);
			path = resources;
			sourceTree = "<group>";
		};
		9646415924E2CC1A005D215C /* storyboards */ = {
			isa = PBXGroup;
			children = (
				9646414624E2C85F005D215C /* Main.storyboard */,
				9646414B24E2C862005D215C /* LaunchScreen.storyboard */,
			);
			path = storyboards;
			sourceTree = "<group>";
		};
/* End PBXGroup section */

/* Begin PBXNativeTarget section */
		9646413C24E2C85F005D215C /* chatapp */ = {
			isa = PBXNativeTarget;
			buildConfigurationList = 9646415124E2C862005D215C /* Build configuration list for PBXNativeTarget "chatapp" */;
			buildPhases = (
				9646413924E2C85F005D215C /* Sources */,
				9646413A24E2C85F005D215C /* Frameworks */,
				9646413B24E2C85F005D215C /* Resources */,
			);
			buildRules = (
			);
			dependencies = (
			);
			name = chatapp;
			productName = chatapp;
			productReference = 9646413D24E2C85F005D215C /* chatapp.app */;
			productType = "com.apple.product-type.application";
		};
/* End PBXNativeTarget section */

/* Begin PBXProject section */
		9646413524E2C85F005D215C /* Project object */ = {
			isa = PBXProject;
			attributes = {
				LastSwiftUpdateCheck = 1140;
				LastUpgradeCheck = 1140;
				ORGANIZATIONNAME = "Sanviraj Zahin Haque";
				TargetAttributes = {
					9646413C24E2C85F005D215C = {
						CreatedOnToolsVersion = 11.4.1;
					};
				};
			};
			buildConfigurationList = 9646413824E2C85F005D215C /* Build configuration list for PBXProject "chatapp" */;
			compatibilityVersion = "Xcode 9.3";
			developmentRegion = en;
			hasScannedForEncodings = 0;
			knownRegions = (
				en,
				Base,
			);
			mainGroup = 9646413424E2C85F005D215C;
			productRefGroup = 9646413E24E2C85F005D215C /* Products */;
			projectDirPath = "";
			projectRoot = "";
			targets = (
				9646413C24E2C85F005D215C /* chatapp */,
			);
		};
/* End PBXProject section */

/* Begin PBXResourcesBuildPhase section */
		9646413B24E2C85F005D215C /* Resources */ = {
			isa = PBXResourcesBuildPhase;
			buildActionMask = 2147483647;
			files = (
				9646414D24E2C862005D215C /* LaunchScreen.storyboard in Resources */,
				9646414A24E2C862005D215C /* Assets.xcassets in Resources */,
				9646414824E2C85F005D215C /* Main.storyboard in Resources */,
			);
			runOnlyForDeploymentPostprocessing = 0;
		};
/* End PBXResourcesBuildPhase section */

/* Begin PBXSourcesBuildPhase section */
		9646413924E2C85F005D215C /* Sources */ = {
			isa = PBXSourcesBuildPhase;
			buildActionMask = 2147483647;
			files = (
				9646415B24E2CE47005D215C /* LoginViewController.swift in Sources */,
				9646415D24E2CE55005D215C /* RegisterViewController.swift in Sources */,
				9646414524E2C85F005D215C /* ConversationsViewController.swift in Sources */,
				9646416124E2CEB7005D215C /* VideoPlayerViewController.swift in Sources */,
				9646414124E2C85F005D215C /* AppDelegate.swift in Sources */,
				9646416724E2E479005D215C /* Extensions.swift in Sources */,
				9646414324E2C85F005D215C /* SceneDelegate.swift in Sources */,
				9646416524E2DA27005D215C /* ProfileViewController.swift in Sources */,
				9646416324E2DA06005D215C /* NewConversationsViewController.swift in Sources */,
				9646415F24E2CE80005D215C /* PhotoViewerViewController.swift in Sources */,
			);
			runOnlyForDeploymentPostprocessing = 0;
		};
/* End PBXSourcesBuildPhase section */

/* Begin PBXVariantGroup section */
		9646414624E2C85F005D215C /* Main.storyboard */ = {
			isa = PBXVariantGroup;
			children = (
				9646414724E2C85F005D215C /* Base */,
			);
			name = Main.storyboard;
			sourceTree = "<group>";
		};
		9646414B24E2C862005D215C /* LaunchScreen.storyboard */ = {
			isa = PBXVariantGroup;
			children = (
				9646414C24E2C862005D215C /* Base */,
			);
			name = LaunchScreen.storyboard;
			sourceTree = "<group>";
		};
/* End PBXVariantGroup section */

/* Begin XCBuildConfiguration section */
		9646414F24E2C862005D215C /* Debug */ = {
			isa = XCBuildConfiguration;
			buildSettings = {
				ALWAYS_SEARCH_USER_PATHS = NO;
				CLANG_ANALYZER_NONNULL = YES;
				CLANG_ANALYZER_NUMBER_OBJECT_CONVERSION = YES_AGGRESSIVE;
				CLANG_CXX_LANGUAGE_STANDARD = "gnu++14";
				CLANG_CXX_LIBRARY = "libc++";
				CLANG_ENABLE_MODULES = YES;
				CLANG_ENABLE_OBJC_ARC = YES;
				CLANG_ENABLE_OBJC_WEAK = YES;
				CLANG_WARN_BLOCK_CAPTURE_AUTORELEASING = YES;
				CLANG_WARN_BOOL_CONVERSION = YES;
				CLANG_WARN_COMMA = YES;
				CLANG_WARN_CONSTANT_CONVERSION = YES;
				CLANG_WARN_DEPRECATED_OBJC_IMPLEMENTATIONS = YES;
				CLANG_WARN_DIRECT_OBJC_ISA_USAGE = YES_ERROR;
				CLANG_WARN_DOCUMENTATION_COMMENTS = YES;
				CLANG_WARN_EMPTY_BODY = YES;
				CLANG_WARN_ENUM_CONVERSION = YES;
				CLANG_WARN_INFINITE_RECURSION = YES;
				CLANG_WARN_INT_CONVERSION = YES;
				CLANG_WARN_NON_LITERAL_NULL_CONVERSION = YES;
				CLANG_WARN_OBJC_IMPLICIT_RETAIN_SELF = YES;
				CLANG_WARN_OBJC_LITERAL_CONVERSION = YES;
				CLANG_WARN_OBJC_ROOT_CLASS = YES_ERROR;
				CLANG_WARN_RANGE_LOOP_ANALYSIS = YES;
				CLANG_WARN_STRICT_PROTOTYPES = YES;
				CLANG_WARN_SUSPICIOUS_MOVE = YES;
				CLANG_WARN_UNGUARDED_AVAILABILITY = YES_AGGRESSIVE;
				CLANG_WARN_UNREACHABLE_CODE = YES;
				CLANG_WARN__DUPLICATE_METHOD_MATCH = YES;
				COPY_PHASE_STRIP = NO;
				DEBUG_INFORMATION_FORMAT = dwarf;
				ENABLE_STRICT_OBJC_MSGSEND = YES;
				ENABLE_TESTABILITY = YES;
				GCC_C_LANGUAGE_STANDARD = gnu11;
				GCC_DYNAMIC_NO_PIC = NO;
				GCC_NO_COMMON_BLOCKS = YES;
				GCC_OPTIMIZATION_LEVEL = 0;
				GCC_PREPROCESSOR_DEFINITIONS = (
					"DEBUG=1",
					"$(inherited)",
				);
				GCC_WARN_64_TO_32_BIT_CONVERSION = YES;
				GCC_WARN_ABOUT_RETURN_TYPE = YES_ERROR;
				GCC_WARN_UNDECLARED_SELECTOR = YES;
				GCC_WARN_UNINITIALIZED_AUTOS = YES_AGGRESSIVE;
				GCC_WARN_UNUSED_FUNCTION = YES;
				GCC_WARN_UNUSED_VARIABLE = YES;
				IPHONEOS_DEPLOYMENT_TARGET = 13.4;
				MTL_ENABLE_DEBUG_INFO = INCLUDE_SOURCE;
				MTL_FAST_MATH = YES;
				ONLY_ACTIVE_ARCH = YES;
				SDKROOT = iphoneos;
				SWIFT_ACTIVE_COMPILATION_CONDITIONS = DEBUG;
				SWIFT_OPTIMIZATION_LEVEL = "-Onone";
			};
			name = Debug;
		};
		9646415024E2C862005D215C /* Release */ = {
			isa = XCBuildConfiguration;
			buildSettings = {
				ALWAYS_SEARCH_USER_PATHS = NO;
				CLANG_ANALYZER_NONNULL = YES;
				CLANG_ANALYZER_NUMBER_OBJECT_CONVERSION = YES_AGGRESSIVE;
				CLANG_CXX_LANGUAGE_STANDARD = "gnu++14";
				CLANG_CXX_LIBRARY = "libc++";
				CLANG_ENABLE_MODULES = YES;
				CLANG_ENABLE_OBJC_ARC = YES;
				CLANG_ENABLE_OBJC_WEAK = YES;
				CLANG_WARN_BLOCK_CAPTURE_AUTORELEASING = YES;
				CLANG_WARN_BOOL_CONVERSION = YES;
				CLANG_WARN_COMMA = YES;
				CLANG_WARN_CONSTANT_CONVERSION = YES;
				CLANG_WARN_DEPRECATED_OBJC_IMPLEMENTATIONS = YES;
				CLANG_WARN_DIRECT_OBJC_ISA_USAGE = YES_ERROR;
				CLANG_WARN_DOCUMENTATION_COMMENTS = YES;
				CLANG_WARN_EMPTY_BODY = YES;
				CLANG_WARN_ENUM_CONVERSION = YES;
				CLANG_WARN_INFINITE_RECURSION = YES;
				CLANG_WARN_INT_CONVERSION = YES;
				CLANG_WARN_NON_LITERAL_NULL_CONVERSION = YES;
				CLANG_WARN_OBJC_IMPLICIT_RETAIN_SELF = YES;
				CLANG_WARN_OBJC_LITERAL_CONVERSION = YES;
				CLANG_WARN_OBJC_ROOT_CLASS = YES_ERROR;
				CLANG_WARN_RANGE_LOOP_ANALYSIS = YES;
				CLANG_WARN_STRICT_PROTOTYPES = YES;
				CLANG_WARN_SUSPICIOUS_MOVE = YES;
				CLANG_WARN_UNGUARDED_AVAILABILITY = YES_AGGRESSIVE;
				CLANG_WARN_UNREACHABLE_CODE = YES;
				CLANG_WARN__DUPLICATE_METHOD_MATCH = YES;
				COPY_PHASE_STRIP = NO;
				DEBUG_INFORMATION_FORMAT = "dwarf-with-dsym";
				ENABLE_NS_ASSERTIONS = NO;
				ENABLE_STRICT_OBJC_MSGSEND = YES;
				GCC_C_LANGUAGE_STANDARD = gnu11;
				GCC_NO_COMMON_BLOCKS = YES;
				GCC_WARN_64_TO_32_BIT_CONVERSION = YES;
				GCC_WARN_ABOUT_RETURN_TYPE = YES_ERROR;
				GCC_WARN_UNDECLARED_SELECTOR = YES;
				GCC_WARN_UNINITIALIZED_AUTOS = YES_AGGRESSIVE;
				GCC_WARN_UNUSED_FUNCTION = YES;
				GCC_WARN_UNUSED_VARIABLE = YES;
				IPHONEOS_DEPLOYMENT_TARGET = 13.4;
				MTL_ENABLE_DEBUG_INFO = NO;
				MTL_FAST_MATH = YES;
				SDKROOT = iphoneos;
				SWIFT_COMPILATION_MODE = wholemodule;
				SWIFT_OPTIMIZATION_LEVEL = "-O";
				VALIDATE_PRODUCT = YES;
			};
			name = Release;
		};
		9646415224E2C862005D215C /* Debug */ = {
			isa = XCBuildConfiguration;
			buildSettings = {
				ASSETCATALOG_COMPILER_APPICON_NAME = AppIcon;
				CODE_SIGN_STYLE = Automatic;
				INFOPLIST_FILE = chatapp/Info.plist;
				LD_RUNPATH_SEARCH_PATHS = (
					"$(inherited)",
					"@executable_path/Frameworks",
				);
				PRODUCT_BUNDLE_IDENTIFIER = com.hello.chatapp;
				PRODUCT_NAME = "$(TARGET_NAME)";
				SWIFT_VERSION = 5.0;
				TARGETED_DEVICE_FAMILY = "1,2";
			};
			name = Debug;
		};
		9646415324E2C862005D215C /* Release */ = {
			isa = XCBuildConfiguration;
			buildSettings = {
				ASSETCATALOG_COMPILER_APPICON_NAME = AppIcon;
				CODE_SIGN_STYLE = Automatic;
				INFOPLIST_FILE = chatapp/Info.plist;
				LD_RUNPATH_SEARCH_PATHS = (
					"$(inherited)",
					"@executable_path/Frameworks",
				);
				PRODUCT_BUNDLE_IDENTIFIER = com.hello.chatapp;
				PRODUCT_NAME = "$(TARGET_NAME)";
				SWIFT_VERSION = 5.0;
				TARGETED_DEVICE_FAMILY = "1,2";
			};
			name = Release;
		};
/* End XCBuildConfiguration section */

/* Begin XCConfigurationList section */
		9646413824E2C85F005D215C /* Build configuration list for PBXProject "chatapp" */ = {
			isa = XCConfigurationList;
			buildConfigurations = (
				9646414F24E2C862005D215C /* Debug */,
				9646415024E2C862005D215C /* Release */,
			);
			defaultConfigurationIsVisible = 0;
			defaultConfigurationName = Release;
		};
		9646415124E2C862005D215C /* Build configuration list for PBXNativeTarget "chatapp" */ = {
			isa = XCConfigurationList;
			buildConfigurations = (
				9646415224E2C862005D215C /* Debug */,
				9646415324E2C862005D215C /* Release */,
			);
			defaultConfigurationIsVisible = 0;
			defaultConfigurationName = Release;
		};
/* End XCConfigurationList section */
	};
	rootObject = 9646413524E2C85F005D215C /* Project object */;
}
